// !$*UTF8*$!
{
	archiveVersion = 1;
	classes = {
	};
	objectVersion = 50;
	objects = {

/* Begin PBXBuildFile section */
		293FD412209E03C300D58754 /* MessageControllerTableViewController.swift in Sources */ = {isa = PBXBuildFile; fileRef = 293FD411209E03C300D58754 /* MessageControllerTableViewController.swift */; };
		293FD414209E08F800D58754 /* NewMessageController.swift in Sources */ = {isa = PBXBuildFile; fileRef = 293FD413209E08F800D58754 /* NewMessageController.swift */; };
		299B785B209886980035263F /* AppDelegate.swift in Sources */ = {isa = PBXBuildFile; fileRef = 299B785A209886980035263F /* AppDelegate.swift */; };
		299B7860209886980035263F /* Main.storyboard in Resources */ = {isa = PBXBuildFile; fileRef = 299B785E209886980035263F /* Main.storyboard */; };
		299B7862209886990035263F /* Assets.xcassets in Resources */ = {isa = PBXBuildFile; fileRef = 299B7861209886990035263F /* Assets.xcassets */; };
		299B7865209886990035263F /* LaunchScreen.storyboard in Resources */ = {isa = PBXBuildFile; fileRef = 299B7863209886990035263F /* LaunchScreen.storyboard */; };
		299B786D2098878A0035263F /* GoogleService-Info.plist in Resources */ = {isa = PBXBuildFile; fileRef = 299B786C2098878A0035263F /* GoogleService-Info.plist */; };
		29BC32492098980E000FB697 /* LoginController.swift in Sources */ = {isa = PBXBuildFile; fileRef = 29BC32482098980E000FB697 /* LoginController.swift */; };
		29BC324B20989BD4000FB697 /* SignUpController.swift in Sources */ = {isa = PBXBuildFile; fileRef = 29BC324A20989BD4000FB697 /* SignUpController.swift */; };
		29BC324D2098AF4C000FB697 /* FeedViewController.swift in Sources */ = {isa = PBXBuildFile; fileRef = 29BC324C2098AF4C000FB697 /* FeedViewController.swift */; };
		29BC324F2098AF55000FB697 /* UserCell.swift in Sources */ = {isa = PBXBuildFile; fileRef = 29BC324E2098AF55000FB697 /* UserCell.swift */; };
		29BC32522098AF80000FB697 /* Users.swift in Sources */ = {isa = PBXBuildFile; fileRef = 29BC32512098AF80000FB697 /* Users.swift */; };
		29BC32542098AF90000FB697 /* ChatLogController.swift in Sources */ = {isa = PBXBuildFile; fileRef = 29BC32532098AF90000FB697 /* ChatLogController.swift */; };
		29BC32582098AFBC000FB697 /* Message.swift in Sources */ = {isa = PBXBuildFile; fileRef = 29BC32572098AFBC000FB697 /* Message.swift */; };
		29BC32592098B05D000FB697 /* Extensions.swift in Sources */ = {isa = PBXBuildFile; fileRef = 29BC32562098AFAF000FB697 /* Extensions.swift */; };
		996B99BB3B699B44BE8F8707 /* Pods_ChatSwapUp.framework in Frameworks */ = {isa = PBXBuildFile; fileRef = CDA2B849EEC01E9034417F27 /* Pods_ChatSwapUp.framework */; };
/* End PBXBuildFile section */

/* Begin PBXFileReference section */
		293FD411209E03C300D58754 /* MessageControllerTableViewController.swift */ = {isa = PBXFileReference; lastKnownFileType = sourcecode.swift; path = MessageControllerTableViewController.swift; sourceTree = "<group>"; };
		293FD413209E08F800D58754 /* NewMessageController.swift */ = {isa = PBXFileReference; lastKnownFileType = sourcecode.swift; path = NewMessageController.swift; sourceTree = "<group>"; };
		299B7857209886980035263F /* ChatSwapUp.app */ = {isa = PBXFileReference; explicitFileType = wrapper.application; includeInIndex = 0; path = ChatSwapUp.app; sourceTree = BUILT_PRODUCTS_DIR; };
		299B785A209886980035263F /* AppDelegate.swift */ = {isa = PBXFileReference; lastKnownFileType = sourcecode.swift; path = AppDelegate.swift; sourceTree = "<group>"; };
		299B785F209886980035263F /* Base */ = {isa = PBXFileReference; lastKnownFileType = file.storyboard; name = Base; path = Base.lproj/Main.storyboard; sourceTree = "<group>"; };
		299B7861209886990035263F /* Assets.xcassets */ = {isa = PBXFileReference; lastKnownFileType = folder.assetcatalog; path = Assets.xcassets; sourceTree = "<group>"; };
		299B7864209886990035263F /* Base */ = {isa = PBXFileReference; lastKnownFileType = file.storyboard; name = Base; path = Base.lproj/LaunchScreen.storyboard; sourceTree = "<group>"; };
		299B7866209886990035263F /* Info.plist */ = {isa = PBXFileReference; lastKnownFileType = text.plist.xml; path = Info.plist; sourceTree = "<group>"; };
		299B786C2098878A0035263F /* GoogleService-Info.plist */ = {isa = PBXFileReference; fileEncoding = 4; lastKnownFileType = text.plist.xml; path = "GoogleService-Info.plist"; sourceTree = "<group>"; };
		29BC32482098980E000FB697 /* LoginController.swift */ = {isa = PBXFileReference; lastKnownFileType = sourcecode.swift; path = LoginController.swift; sourceTree = "<group>"; };
		29BC324A20989BD4000FB697 /* SignUpController.swift */ = {isa = PBXFileReference; lastKnownFileType = sourcecode.swift; path = SignUpController.swift; sourceTree = "<group>"; };
		29BC324C2098AF4C000FB697 /* FeedViewController.swift */ = {isa = PBXFileReference; lastKnownFileType = sourcecode.swift; path = FeedViewController.swift; sourceTree = "<group>"; };
		29BC324E2098AF55000FB697 /* UserCell.swift */ = {isa = PBXFileReference; lastKnownFileType = sourcecode.swift; path = UserCell.swift; sourceTree = "<group>"; };
		29BC32512098AF80000FB697 /* Users.swift */ = {isa = PBXFileReference; lastKnownFileType = sourcecode.swift; path = Users.swift; sourceTree = "<group>"; };
		29BC32532098AF90000FB697 /* ChatLogController.swift */ = {isa = PBXFileReference; lastKnownFileType = sourcecode.swift; path = ChatLogController.swift; sourceTree = "<group>"; };
		29BC32562098AFAF000FB697 /* Extensions.swift */ = {isa = PBXFileReference; lastKnownFileType = sourcecode.swift; path = Extensions.swift; sourceTree = "<group>"; };
		29BC32572098AFBC000FB697 /* Message.swift */ = {isa = PBXFileReference; lastKnownFileType = sourcecode.swift; path = Message.swift; sourceTree = "<group>"; };
		58DF6DFF72092AE95F776AE7 /* Pods-ChatSwapUp.release.xcconfig */ = {isa = PBXFileReference; includeInIndex = 1; lastKnownFileType = text.xcconfig; name = "Pods-ChatSwapUp.release.xcconfig"; path = "Pods/Target Support Files/Pods-ChatSwapUp/Pods-ChatSwapUp.release.xcconfig"; sourceTree = "<group>"; };
		B92821175E26D14DBDFC54B3 /* Pods-ChatSwapUp.debug.xcconfig */ = {isa = PBXFileReference; includeInIndex = 1; lastKnownFileType = text.xcconfig; name = "Pods-ChatSwapUp.debug.xcconfig"; path = "Pods/Target Support Files/Pods-ChatSwapUp/Pods-ChatSwapUp.debug.xcconfig"; sourceTree = "<group>"; };
		CDA2B849EEC01E9034417F27 /* Pods_ChatSwapUp.framework */ = {isa = PBXFileReference; explicitFileType = wrapper.framework; includeInIndex = 0; path = Pods_ChatSwapUp.framework; sourceTree = BUILT_PRODUCTS_DIR; };
/* End PBXFileReference section */

/* Begin PBXFrameworksBuildPhase section */
		299B7854209886980035263F /* Frameworks */ = {
			isa = PBXFrameworksBuildPhase;
			buildActionMask = 2147483647;
			files = (
				996B99BB3B699B44BE8F8707 /* Pods_ChatSwapUp.framework in Frameworks */,
			);
			runOnlyForDeploymentPostprocessing = 0;
		};
/* End PBXFrameworksBuildPhase section */

/* Begin PBXGroup section */
		299B784E209886980035263F = {
			isa = PBXGroup;
			children = (
				299B7859209886980035263F /* ChatSwapUp */,
				299B7858209886980035263F /* Products */,
				C21B28D200CDE245490C7BFF /* Pods */,
				B85BF10F0444DE2D9495C205 /* Frameworks */,
			);
			sourceTree = "<group>";
		};
		299B7858209886980035263F /* Products */ = {
			isa = PBXGroup;
			children = (
				299B7857209886980035263F /* ChatSwapUp.app */,
			);
			name = Products;
			sourceTree = "<group>";
		};
		299B7859209886980035263F /* ChatSwapUp */ = {
			isa = PBXGroup;
			children = (
				29BC32552098AFA4000FB697 /* Extensions */,
				29BC32502098AF5C000FB697 /* Models */,
				29BC3247209897DC000FB697 /* Controller */,
				299B785A209886980035263F /* AppDelegate.swift */,
				299B785E209886980035263F /* Main.storyboard */,
				299B7861209886990035263F /* Assets.xcassets */,
				299B7863209886990035263F /* LaunchScreen.storyboard */,
				299B7866209886990035263F /* Info.plist */,
				299B786C2098878A0035263F /* GoogleService-Info.plist */,
			);
			path = ChatSwapUp;
			sourceTree = "<group>";
		};
		29BC3247209897DC000FB697 /* Controller */ = {
			isa = PBXGroup;
			children = (
				29BC32482098980E000FB697 /* LoginController.swift */,
				29BC324A20989BD4000FB697 /* SignUpController.swift */,
				29BC324C2098AF4C000FB697 /* FeedViewController.swift */,
				29BC32532098AF90000FB697 /* ChatLogController.swift */,
				293FD411209E03C300D58754 /* MessageControllerTableViewController.swift */,
				293FD413209E08F800D58754 /* NewMessageController.swift */,
			);
			path = Controller;
			sourceTree = "<group>";
		};
		29BC32502098AF5C000FB697 /* Models */ = {
			isa = PBXGroup;
			children = (
				29BC32572098AFBC000FB697 /* Message.swift */,
				29BC324E2098AF55000FB697 /* UserCell.swift */,
				29BC32512098AF80000FB697 /* Users.swift */,
			);
			path = Models;
			sourceTree = "<group>";
		};
		29BC32552098AFA4000FB697 /* Extensions */ = {
			isa = PBXGroup;
			children = (
				29BC32562098AFAF000FB697 /* Extensions.swift */,
			);
			path = Extensions;
			sourceTree = "<group>";
		};
		B85BF10F0444DE2D9495C205 /* Frameworks */ = {
			isa = PBXGroup;
			children = (
				CDA2B849EEC01E9034417F27 /* Pods_ChatSwapUp.framework */,
			);
			name = Frameworks;
			sourceTree = "<group>";
		};
		C21B28D200CDE245490C7BFF /* Pods */ = {
			isa = PBXGroup;
			children = (
				B92821175E26D14DBDFC54B3 /* Pods-ChatSwapUp.debug.xcconfig */,
				58DF6DFF72092AE95F776AE7 /* Pods-ChatSwapUp.release.xcconfig */,
			);
			name = Pods;
			sourceTree = "<group>";
		};
/* End PBXGroup section */

/* Begin PBXNativeTarget section */
		299B7856209886980035263F /* ChatSwapUp */ = {
			isa = PBXNativeTarget;
			buildConfigurationList = 299B7869209886990035263F /* Build configuration list for PBXNativeTarget "ChatSwapUp" */;
			buildPhases = (
				C827AD4ED60B9B7741F72636 /* [CP] Check Pods Manifest.lock */,
				299B7853209886980035263F /* Sources */,
				299B7854209886980035263F /* Frameworks */,
				299B7855209886980035263F /* Resources */,
				28F8D6E1EFB4866CA4291D53 /* [CP] Embed Pods Frameworks */,
			);
			buildRules = (
			);
			dependencies = (
			);
			name = ChatSwapUp;
			productName = ChatSwapUp;
			productReference = 299B7857209886980035263F /* ChatSwapUp.app */;
			productType = "com.apple.product-type.application";
		};
/* End PBXNativeTarget section */

/* Begin PBXProject section */
		299B784F209886980035263F /* Project object */ = {
			isa = PBXProject;
			attributes = {
				LastSwiftUpdateCheck = 0930;
				LastUpgradeCheck = 0930;
				ORGANIZATIONNAME = "Bernardo Sarto de Lucena";
				TargetAttributes = {
					299B7856209886980035263F = {
						CreatedOnToolsVersion = 9.3;
					};
				};
			};
			buildConfigurationList = 299B7852209886980035263F /* Build configuration list for PBXProject "ChatSwapUp" */;
			compatibilityVersion = "Xcode 9.3";
			developmentRegion = en;
			hasScannedForEncodings = 0;
			knownRegions = (
				en,
				Base,
			);
			mainGroup = 299B784E209886980035263F;
			productRefGroup = 299B7858209886980035263F /* Products */;
			projectDirPath = "";
			projectRoot = "";
			targets = (
				299B7856209886980035263F /* ChatSwapUp */,
			);
		};
/* End PBXProject section */

/* Begin PBXResourcesBuildPhase section */
		299B7855209886980035263F /* Resources */ = {
			isa = PBXResourcesBuildPhase;
			buildActionMask = 2147483647;
			files = (
				299B7865209886990035263F /* LaunchScreen.storyboard in Resources */,
				299B7862209886990035263F /* Assets.xcassets in Resources */,
				299B7860209886980035263F /* Main.storyboard in Resources */,
				299B786D2098878A0035263F /* GoogleService-Info.plist in Resources */,
			);
			runOnlyForDeploymentPostprocessing = 0;
		};
/* End PBXResourcesBuildPhase section */

/* Begin PBXShellScriptBuildPhase section */
		28F8D6E1EFB4866CA4291D53 /* [CP] Embed Pods Frameworks */ = {
			isa = PBXShellScriptBuildPhase;
			buildActionMask = 2147483647;
			files = (
			);
			inputPaths = (
				"${SRCROOT}/Pods/Target Support Files/Pods-ChatSwapUp/Pods-ChatSwapUp-frameworks.sh",
				"${BUILT_PRODUCTS_DIR}/GTMSessionFetcher/GTMSessionFetcher.framework",
				"${BUILT_PRODUCTS_DIR}/GoogleToolboxForMac/GoogleToolboxForMac.framework",
				"${BUILT_PRODUCTS_DIR}/leveldb-library/leveldb.framework",
				"${BUILT_PRODUCTS_DIR}/nanopb/nanopb.framework",
			);
			name = "[CP] Embed Pods Frameworks";
			outputPaths = (
				"${TARGET_BUILD_DIR}/${FRAMEWORKS_FOLDER_PATH}/GTMSessionFetcher.framework",
				"${TARGET_BUILD_DIR}/${FRAMEWORKS_FOLDER_PATH}/GoogleToolboxForMac.framework",
				"${TARGET_BUILD_DIR}/${FRAMEWORKS_FOLDER_PATH}/leveldb.framework",
				"${TARGET_BUILD_DIR}/${FRAMEWORKS_FOLDER_PATH}/nanopb.framework",
			);
			runOnlyForDeploymentPostprocessing = 0;
			shellPath = /bin/sh;
			shellScript = "\"${SRCROOT}/Pods/Target Support Files/Pods-ChatSwapUp/Pods-ChatSwapUp-frameworks.sh\"\n";
			showEnvVarsInLog = 0;
		};
		C827AD4ED60B9B7741F72636 /* [CP] Check Pods Manifest.lock */ = {
			isa = PBXShellScriptBuildPhase;
			buildActionMask = 2147483647;
			files = (
			);
			inputPaths = (
				"${PODS_PODFILE_DIR_PATH}/Podfile.lock",
				"${PODS_ROOT}/Manifest.lock",
			);
			name = "[CP] Check Pods Manifest.lock";
			outputPaths = (
				"$(DERIVED_FILE_DIR)/Pods-ChatSwapUp-checkManifestLockResult.txt",
			);
			runOnlyForDeploymentPostprocessing = 0;
			shellPath = /bin/sh;
			shellScript = "diff \"${PODS_PODFILE_DIR_PATH}/Podfile.lock\" \"${PODS_ROOT}/Manifest.lock\" > /dev/null\nif [ $? != 0 ] ; then\n    # print error to STDERR\n    echo \"error: The sandbox is not in sync with the Podfile.lock. Run 'pod install' or update your CocoaPods installation.\" >&2\n    exit 1\nfi\n# This output is used by Xcode 'outputs' to avoid re-running this script phase.\necho \"SUCCESS\" > \"${SCRIPT_OUTPUT_FILE_0}\"\n";
			showEnvVarsInLog = 0;
		};
/* End PBXShellScriptBuildPhase section */

/* Begin PBXSourcesBuildPhase section */
		299B7853209886980035263F /* Sources */ = {
			isa = PBXSourcesBuildPhase;
			buildActionMask = 2147483647;
			files = (
				29BC32542098AF90000FB697 /* ChatLogController.swift in Sources */,
				29BC32492098980E000FB697 /* LoginController.swift in Sources */,
				29BC32582098AFBC000FB697 /* Message.swift in Sources */,
				293FD414209E08F800D58754 /* NewMessageController.swift in Sources */,
				29BC324F2098AF55000FB697 /* UserCell.swift in Sources */,
				29BC32592098B05D000FB697 /* Extensions.swift in Sources */,
				293FD412209E03C300D58754 /* MessageControllerTableViewController.swift in Sources */,
				29BC324D2098AF4C000FB697 /* FeedViewController.swift in Sources */,
				299B785B209886980035263F /* AppDelegate.swift in Sources */,
				29BC324B20989BD4000FB697 /* SignUpController.swift in Sources */,
				29BC32522098AF80000FB697 /* Users.swift in Sources */,
			);
			runOnlyForDeploymentPostprocessing = 0;
		};
/* End PBXSourcesBuildPhase section */

/* Begin PBXVariantGroup section */
		299B785E209886980035263F /* Main.storyboard */ = {
			isa = PBXVariantGroup;
			children = (
				299B785F209886980035263F /* Base */,
			);
			name = Main.storyboard;
			sourceTree = "<group>";
		};
		299B7863209886990035263F /* LaunchScreen.storyboard */ = {
			isa = PBXVariantGroup;
			children = (
				299B7864209886990035263F /* Base */,
			);
			name = LaunchScreen.storyboard;
			sourceTree = "<group>";
		};
/* End PBXVariantGroup section */

/* Begin XCBuildConfiguration section */
		299B7867209886990035263F /* Debug */ = {
			isa = XCBuildConfiguration;
			buildSettings = {
				ALWAYS_SEARCH_USER_PATHS = NO;
				CLANG_ANALYZER_NONNULL = YES;
				CLANG_ANALYZER_NUMBER_OBJECT_CONVERSION = YES_AGGRESSIVE;
				CLANG_CXX_LANGUAGE_STANDARD = "gnu++14";
				CLANG_CXX_LIBRARY = "libc++";
				CLANG_ENABLE_MODULES = YES;
				CLANG_ENABLE_OBJC_ARC = YES;
				CLANG_ENABLE_OBJC_WEAK = YES;
				CLANG_WARN_BLOCK_CAPTURE_AUTORELEASING = YES;
				CLANG_WARN_BOOL_CONVERSION = YES;
				CLANG_WARN_COMMA = YES;
				CLANG_WARN_CONSTANT_CONVERSION = YES;
				CLANG_WARN_DEPRECATED_OBJC_IMPLEMENTATIONS = YES;
				CLANG_WARN_DIRECT_OBJC_ISA_USAGE = YES_ERROR;
				CLANG_WARN_DOCUMENTATION_COMMENTS = YES;
				CLANG_WARN_EMPTY_BODY = YES;
				CLANG_WARN_ENUM_CONVERSION = YES;
				CLANG_WARN_INFINITE_RECURSION = YES;
				CLANG_WARN_INT_CONVERSION = YES;
				CLANG_WARN_NON_LITERAL_NULL_CONVERSION = YES;
				CLANG_WARN_OBJC_IMPLICIT_RETAIN_SELF = YES;
				CLANG_WARN_OBJC_LITERAL_CONVERSION = YES;
				CLANG_WARN_OBJC_ROOT_CLASS = YES_ERROR;
				CLANG_WARN_RANGE_LOOP_ANALYSIS = YES;
				CLANG_WARN_STRICT_PROTOTYPES = YES;
				CLANG_WARN_SUSPICIOUS_MOVE = YES;
				CLANG_WARN_UNGUARDED_AVAILABILITY = YES_AGGRESSIVE;
				CLANG_WARN_UNREACHABLE_CODE = YES;
				CLANG_WARN__DUPLICATE_METHOD_MATCH = YES;
				CODE_SIGN_IDENTITY = "iPhone Developer";
				COPY_PHASE_STRIP = NO;
				DEBUG_INFORMATION_FORMAT = dwarf;
				ENABLE_STRICT_OBJC_MSGSEND = YES;
				ENABLE_TESTABILITY = YES;
				GCC_C_LANGUAGE_STANDARD = gnu11;
				GCC_DYNAMIC_NO_PIC = NO;
				GCC_NO_COMMON_BLOCKS = YES;
				GCC_OPTIMIZATION_LEVEL = 0;
				GCC_PREPROCESSOR_DEFINITIONS = (
					"DEBUG=1",
					"$(inherited)",
				);
				GCC_WARN_64_TO_32_BIT_CONVERSION = YES;
				GCC_WARN_ABOUT_RETURN_TYPE = YES_ERROR;
				GCC_WARN_UNDECLARED_SELECTOR = YES;
				GCC_WARN_UNINITIALIZED_AUTOS = YES_AGGRESSIVE;
				GCC_WARN_UNUSED_FUNCTION = YES;
				GCC_WARN_UNUSED_VARIABLE = YES;
				IPHONEOS_DEPLOYMENT_TARGET = 11.3;
				MTL_ENABLE_DEBUG_INFO = YES;
				ONLY_ACTIVE_ARCH = YES;
				SDKROOT = iphoneos;
				SWIFT_ACTIVE_COMPILATION_CONDITIONS = DEBUG;
				SWIFT_OPTIMIZATION_LEVEL = "-Onone";
			};
			name = Debug;
		};
		299B7868209886990035263F /* Release */ = {
			isa = XCBuildConfiguration;
			buildSettings = {
				ALWAYS_SEARCH_USER_PATHS = NO;
				CLANG_ANALYZER_NONNULL = YES;
				CLANG_ANALYZER_NUMBER_OBJECT_CONVERSION = YES_AGGRESSIVE;
				CLANG_CXX_LANGUAGE_STANDARD = "gnu++14";
				CLANG_CXX_LIBRARY = "libc++";
				CLANG_ENABLE_MODULES = YES;
				CLANG_ENABLE_OBJC_ARC = YES;
				CLANG_ENABLE_OBJC_WEAK = YES;
				CLANG_WARN_BLOCK_CAPTURE_AUTORELEASING = YES;
				CLANG_WARN_BOOL_CONVERSION = YES;
				CLANG_WARN_COMMA = YES;
				CLANG_WARN_CONSTANT_CONVERSION = YES;
				CLANG_WARN_DEPRECATED_OBJC_IMPLEMENTATIONS = YES;
				CLANG_WARN_DIRECT_OBJC_ISA_USAGE = YES_ERROR;
				CLANG_WARN_DOCUMENTATION_COMMENTS = YES;
				CLANG_WARN_EMPTY_BODY = YES;
				CLANG_WARN_ENUM_CONVERSION = YES;
				CLANG_WARN_INFINITE_RECURSION = YES;
				CLANG_WARN_INT_CONVERSION = YES;
				CLANG_WARN_NON_LITERAL_NULL_CONVERSION = YES;
				CLANG_WARN_OBJC_IMPLICIT_RETAIN_SELF = YES;
				CLANG_WARN_OBJC_LITERAL_CONVERSION = YES;
				CLANG_WARN_OBJC_ROOT_CLASS = YES_ERROR;
				CLANG_WARN_RANGE_LOOP_ANALYSIS = YES;
				CLANG_WARN_STRICT_PROTOTYPES = YES;
				CLANG_WARN_SUSPICIOUS_MOVE = YES;
				CLANG_WARN_UNGUARDED_AVAILABILITY = YES_AGGRESSIVE;
				CLANG_WARN_UNREACHABLE_CODE = YES;
				CLANG_WARN__DUPLICATE_METHOD_MATCH = YES;
				CODE_SIGN_IDENTITY = "iPhone Developer";
				COPY_PHASE_STRIP = NO;
				DEBUG_INFORMATION_FORMAT = "dwarf-with-dsym";
				ENABLE_NS_ASSERTIONS = NO;
				ENABLE_STRICT_OBJC_MSGSEND = YES;
				GCC_C_LANGUAGE_STANDARD = gnu11;
				GCC_NO_COMMON_BLOCKS = YES;
				GCC_WARN_64_TO_32_BIT_CONVERSION = YES;
				GCC_WARN_ABOUT_RETURN_TYPE = YES_ERROR;
				GCC_WARN_UNDECLARED_SELECTOR = YES;
				GCC_WARN_UNINITIALIZED_AUTOS = YES_AGGRESSIVE;
				GCC_WARN_UNUSED_FUNCTION = YES;
				GCC_WARN_UNUSED_VARIABLE = YES;
				IPHONEOS_DEPLOYMENT_TARGET = 11.3;
				MTL_ENABLE_DEBUG_INFO = NO;
				SDKROOT = iphoneos;
				SWIFT_COMPILATION_MODE = wholemodule;
				SWIFT_OPTIMIZATION_LEVEL = "-O";
				VALIDATE_PRODUCT = YES;
			};
			name = Release;
		};
		299B786A209886990035263F /* Debug */ = {
			isa = XCBuildConfiguration;
			baseConfigurationReference = B92821175E26D14DBDFC54B3 /* Pods-ChatSwapUp.debug.xcconfig */;
			buildSettings = {
				ASSETCATALOG_COMPILER_APPICON_NAME = AppIcon;
				CODE_SIGN_STYLE = Automatic;
				DEVELOPMENT_TEAM = 7S38MGUL29;
				INFOPLIST_FILE = ChatSwapUp/Info.plist;
				LD_RUNPATH_SEARCH_PATHS = (
					"$(inherited)",
					"@executable_path/Frameworks",
				);
				PRODUCT_BUNDLE_IDENTIFIER = academy.ChatSwapUp;
				PRODUCT_NAME = "$(TARGET_NAME)";
				SWIFT_VERSION = 4.0;
				TARGETED_DEVICE_FAMILY = "1,2";
			};
			name = Debug;
		};
		299B786B209886990035263F /* Release */ = {
			isa = XCBuildConfiguration;
			baseConfigurationReference = 58DF6DFF72092AE95F776AE7 /* Pods-ChatSwapUp.release.xcconfig */;
			buildSettings = {
				ASSETCATALOG_COMPILER_APPICON_NAME = AppIcon;
				CODE_SIGN_STYLE = Automatic;
				DEVELOPMENT_TEAM = 7S38MGUL29;
				INFOPLIST_FILE = ChatSwapUp/Info.plist;
				LD_RUNPATH_SEARCH_PATHS = (
					"$(inherited)",
					"@executable_path/Frameworks",
				);
				PRODUCT_BUNDLE_IDENTIFIER = academy.ChatSwapUp;
				PRODUCT_NAME = "$(TARGET_NAME)";
				SWIFT_VERSION = 4.0;
				TARGETED_DEVICE_FAMILY = "1,2";
			};
			name = Release;
		};
/* End XCBuildConfiguration section */

/* Begin XCConfigurationList section */
		299B7852209886980035263F /* Build configuration list for PBXProject "ChatSwapUp" */ = {
			isa = XCConfigurationList;
			buildConfigurations = (
				299B7867209886990035263F /* Debug */,
				299B7868209886990035263F /* Release */,
			);
			defaultConfigurationIsVisible = 0;
			defaultConfigurationName = Release;
		};
		299B7869209886990035263F /* Build configuration list for PBXNativeTarget "ChatSwapUp" */ = {
			isa = XCConfigurationList;
			buildConfigurations = (
				299B786A209886990035263F /* Debug */,
				299B786B209886990035263F /* Release */,
			);
			defaultConfigurationIsVisible = 0;
			defaultConfigurationName = Release;
		};
/* End XCConfigurationList section */
	};
	rootObject = 299B784F209886980035263F /* Project object */;
}
